{
  "name": "ProductTest01",
  "lockfileVersion": 3,
  "requires": true,
  "packages": {
    "": {
      "dependencies": {
        "@babylonjs/core": "^5.48.0",
        "@babylonjs/loaders": "^5.48.0"
      }
    },
    "node_modules/@babylonjs/core": {
      "version": "5.48.0",
      "resolved": "https://registry.npmjs.org/@babylonjs/core/-/core-5.48.0.tgz",
      "integrity": "sha512-97d+stKdMGGXmmCuYEo9xhz0v0q5DbWSg2GI6mfa+P1qH9YPmWN+YNxwBs0A2H3HrhBrC/PQOTHUibfA867CoQ=="
    },
    "node_modules/@babylonjs/loaders": {
      "version": "5.48.0",
      "resolved": "https://registry.npmjs.org/@babylonjs/loaders/-/loaders-5.48.0.tgz",
      "integrity": "sha512-BbZoceGDsUYis86OeAkFq9CQN1yJ59IOL0O0AtogOt8KQ5E8b0sH4MVdOwuV6h07yLVjo9Ir5RZsWKdGyuWHOw==",
      "peerDependencies": {
        "@babylonjs/core": "^5.22.0",
        "babylonjs-gltf2interface": "^5.22.0"
      }
    },
    "node_modules/babylonjs-gltf2interface": {
      "version": "5.48.0",
      "resolved": "https://registry.npmjs.org/babylonjs-gltf2interface/-/babylonjs-gltf2interface-5.48.0.tgz",
      "integrity": "sha512-ovtgIE/koJDEWyuYkfczYrvzJbDG0v0wA6N+LeM3YT0ECmHPDwoFxaZiHlGa6Tde9brzLY1RLHCesA1IRv530g==",
      "peer": true
    }
  }
}
